
Microsoft Visual Studio Solution File, Format Version 12.00
# Visual Studio Version 17
VisualStudioVersion = 17.13.35913.81 d17.13
MinimumVisualStudioVersion = 10.0.40219.1
Project("{FAE04EC0-301F-11D3-BF4B-00C04F79EFBC}") = "ItemCounter", "ItemCounter\ItemCounter.csproj", "{002A7BD5-D4BA-41E8-9443-CB050F68CB4D}"
EndProject
Global
	GlobalSection(SolutionConfigurationPlatforms) = preSolution
		Debug|Any CPU = Debug|Any CPU
		Release|Any CPU = Release|Any CPU
	EndGlobalSection
	GlobalSection(ProjectConfigurationPlatforms) = postSolution
		{002A7BD5-D4BA-41E8-9443-CB050F68CB4D}.Debug|Any CPU.ActiveCfg = Debug|Any CPU
		{002A7BD5-D4BA-41E8-9443-CB050F68CB4D}.Debug|Any CPU.Build.0 = Debug|Any CPU
		{002A7BD5-D4BA-41E8-9443-CB050F68CB4D}.Release|Any CPU.ActiveCfg = Release|Any CPU
		{002A7BD5-D4BA-41E8-9443-CB050F68CB4D}.Release|Any CPU.Build.0 = Release|Any CPU
	EndGlobalSection
	GlobalSection(SolutionProperties) = preSolution
		HideSolutionNode = FALSE
	EndGlobalSection
	GlobalSection(ExtensibilityGlobals) = postSolution
		SolutionGuid = {00387B03-D85C-4E2B-A31C-A1B7BEDF88B3}
	EndGlobalSection
EndGlobal
